
Microsoft Visual Studio Solution File, Format Version 12.00
# Visual Studio 14
VisualStudioVersion = 14.0.25420.1
MinimumVisualStudioVersion = 10.0.40219.1
Project("{FAE04EC0-301F-11D3-BF4B-00C04F79EFBC}") = "ScreenCaptureAndAutomation", "ScreenCaptureAndAutomation\ScreenCaptureAndAutomation.csproj", "{99180C40-2E34-4D2A-BF19-79492641343C}"
EndProject
Project("{FAE04EC0-301F-11D3-BF4B-00C04F79EFBC}") = "AutomateTaskConsole", "AutomateTaskConsole\AutomateTaskConsole.csproj", "{88900584-ADF1-4EC6-8B52-55CD367D1AD9}"
EndProject
Global
	GlobalSection(SolutionConfigurationPlatforms) = preSolution
		Debug|Any CPU = Debug|Any CPU
		Release|Any CPU = Release|Any CPU
	EndGlobalSection
	GlobalSection(ProjectConfigurationPlatforms) = postSolution
		{99180C40-2E34-4D2A-BF19-79492641343C}.Debug|Any CPU.ActiveCfg = Debug|Any CPU
		{99180C40-2E34-4D2A-BF19-79492641343C}.Debug|Any CPU.Build.0 = Debug|Any CPU
		{99180C40-2E34-4D2A-BF19-79492641343C}.Release|Any CPU.ActiveCfg = Release|Any CPU
		{99180C40-2E34-4D2A-BF19-79492641343C}.Release|Any CPU.Build.0 = Release|Any CPU
		{88900584-ADF1-4EC6-8B52-55CD367D1AD9}.Debug|Any CPU.ActiveCfg = Debug|Any CPU
		{88900584-ADF1-4EC6-8B52-55CD367D1AD9}.Debug|Any CPU.Build.0 = Debug|Any CPU
		{88900584-ADF1-4EC6-8B52-55CD367D1AD9}.Release|Any CPU.ActiveCfg = Release|Any CPU
		{88900584-ADF1-4EC6-8B52-55CD367D1AD9}.Release|Any CPU.Build.0 = Release|Any CPU
	EndGlobalSection
	GlobalSection(SolutionProperties) = preSolution
		HideSolutionNode = FALSE
	EndGlobalSection
EndGlobal
